
Microsoft Visual Studio Solution File, Format Version 12.00
# Visual Studio Version 17
VisualStudioVersion = 17.6.33712.159
MinimumVisualStudioVersion = 10.0.40219.1
Project("{FAE04EC0-301F-11D3-BF4B-00C04F79EFBC}") = "Chehue", "作夥直排\Chehue.csproj", "{16268030-1DF7-48FD-BA3D-D0CE9DBF5F15}"
EndProject
Project("{FAE04EC0-301F-11D3-BF4B-00C04F79EFBC}") = "ChoHueTestW", "ChoHueTestW\ChoHueTestW.csproj", "{8A368B11-696E-41B3-9490-A55503C5DB73}"
EndProject
Project("{2150E333-8FDC-42A3-9474-1A3956D46DE8}") = "Solution Items", "Solution Items", "{058ADE4E-B930-4D0A-B34F-423DBCF1FF17}"
	ProjectSection(SolutionItems) = preProject
		.editorconfig = .editorconfig
	EndProjectSection
EndProject
Project("{54435603-DBB4-11D2-8724-00A0C9A8B90C}") = "Setup", "Setup\Setup.vdproj", "{FA64D8E8-A823-45FE-A3E1-A15C5E36B3C0}"
EndProject
Project("{FAE04EC0-301F-11D3-BF4B-00C04F79EFBC}") = "ChehueWPF", "ChehueWPF\ChehueWPF.csproj", "{BEFD9BF1-B2E5-4474-A58F-8B6AD8C104F9}"
EndProject
Global
	GlobalSection(SolutionConfigurationPlatforms) = preSolution
		Debug|Any CPU = Debug|Any CPU
		Debug|x64 = Debug|x64
		Debug|x86 = Debug|x86
		Release|Any CPU = Release|Any CPU
		Release|x64 = Release|x64
		Release|x86 = Release|x86
	EndGlobalSection
	GlobalSection(ProjectConfigurationPlatforms) = postSolution
		{16268030-1DF7-48FD-BA3D-D0CE9DBF5F15}.Debug|Any CPU.ActiveCfg = Debug|Any CPU
		{16268030-1DF7-48FD-BA3D-D0CE9DBF5F15}.Debug|Any CPU.Build.0 = Debug|Any CPU
		{16268030-1DF7-48FD-BA3D-D0CE9DBF5F15}.Debug|x64.ActiveCfg = Debug|x64
		{16268030-1DF7-48FD-BA3D-D0CE9DBF5F15}.Debug|x64.Build.0 = Debug|x64
		{16268030-1DF7-48FD-BA3D-D0CE9DBF5F15}.Debug|x86.ActiveCfg = Debug|x86
		{16268030-1DF7-48FD-BA3D-D0CE9DBF5F15}.Debug|x86.Build.0 = Debug|x86
		{16268030-1DF7-48FD-BA3D-D0CE9DBF5F15}.Release|Any CPU.ActiveCfg = Release|Any CPU
		{16268030-1DF7-48FD-BA3D-D0CE9DBF5F15}.Release|Any CPU.Build.0 = Release|Any CPU
		{16268030-1DF7-48FD-BA3D-D0CE9DBF5F15}.Release|x64.ActiveCfg = Release|x64
		{16268030-1DF7-48FD-BA3D-D0CE9DBF5F15}.Release|x64.Build.0 = Release|x64
		{16268030-1DF7-48FD-BA3D-D0CE9DBF5F15}.Release|x86.ActiveCfg = Release|x86
		{16268030-1DF7-48FD-BA3D-D0CE9DBF5F15}.Release|x86.Build.0 = Release|x86
		{8A368B11-696E-41B3-9490-A55503C5DB73}.Debug|Any CPU.ActiveCfg = Debug|Any CPU
		{8A368B11-696E-41B3-9490-A55503C5DB73}.Debug|Any CPU.Build.0 = Debug|Any CPU
		{8A368B11-696E-41B3-9490-A55503C5DB73}.Debug|x64.ActiveCfg = Debug|Any CPU
		{8A368B11-696E-41B3-9490-A55503C5DB73}.Debug|x64.Build.0 = Debug|Any CPU
		{8A368B11-696E-41B3-9490-A55503C5DB73}.Debug|x86.ActiveCfg = Debug|Any CPU
		{8A368B11-696E-41B3-9490-A55503C5DB73}.Debug|x86.Build.0 = Debug|Any CPU
		{8A368B11-696E-41B3-9490-A55503C5DB73}.Release|Any CPU.ActiveCfg = Release|Any CPU
		{8A368B11-696E-41B3-9490-A55503C5DB73}.Release|x64.ActiveCfg = Release|Any CPU
		{8A368B11-696E-41B3-9490-A55503C5DB73}.Release|x64.Build.0 = Release|Any CPU
		{8A368B11-696E-41B3-9490-A55503C5DB73}.Release|x86.ActiveCfg = Release|Any CPU
		{8A368B11-696E-41B3-9490-A55503C5DB73}.Release|x86.Build.0 = Release|Any CPU
		{FA64D8E8-A823-45FE-A3E1-A15C5E36B3C0}.Debug|Any CPU.ActiveCfg = Debug
		{FA64D8E8-A823-45FE-A3E1-A15C5E36B3C0}.Debug|x64.ActiveCfg = Debug
		{FA64D8E8-A823-45FE-A3E1-A15C5E36B3C0}.Debug|x86.ActiveCfg = Debug
		{FA64D8E8-A823-45FE-A3E1-A15C5E36B3C0}.Release|Any CPU.ActiveCfg = Release
		{FA64D8E8-A823-45FE-A3E1-A15C5E36B3C0}.Release|x64.ActiveCfg = Release
		{FA64D8E8-A823-45FE-A3E1-A15C5E36B3C0}.Release|x86.ActiveCfg = Release
		{BEFD9BF1-B2E5-4474-A58F-8B6AD8C104F9}.Debug|Any CPU.ActiveCfg = Debug|Any CPU
		{BEFD9BF1-B2E5-4474-A58F-8B6AD8C104F9}.Debug|Any CPU.Build.0 = Debug|Any CPU
		{BEFD9BF1-B2E5-4474-A58F-8B6AD8C104F9}.Debug|x64.ActiveCfg = Debug|Any CPU
		{BEFD9BF1-B2E5-4474-A58F-8B6AD8C104F9}.Debug|x64.Build.0 = Debug|Any CPU
		{BEFD9BF1-B2E5-4474-A58F-8B6AD8C104F9}.Debug|x86.ActiveCfg = Debug|Any CPU
		{BEFD9BF1-B2E5-4474-A58F-8B6AD8C104F9}.Debug|x86.Build.0 = Debug|Any CPU
		{BEFD9BF1-B2E5-4474-A58F-8B6AD8C104F9}.Release|Any CPU.ActiveCfg = Release|Any CPU
		{BEFD9BF1-B2E5-4474-A58F-8B6AD8C104F9}.Release|x64.ActiveCfg = Release|Any CPU
		{BEFD9BF1-B2E5-4474-A58F-8B6AD8C104F9}.Release|x64.Build.0 = Release|Any CPU
		{BEFD9BF1-B2E5-4474-A58F-8B6AD8C104F9}.Release|x86.ActiveCfg = Release|Any CPU
		{BEFD9BF1-B2E5-4474-A58F-8B6AD8C104F9}.Release|x86.Build.0 = Release|Any CPU
	EndGlobalSection
	GlobalSection(SolutionProperties) = preSolution
		HideSolutionNode = FALSE
	EndGlobalSection
	GlobalSection(ExtensibilityGlobals) = postSolution
		SolutionGuid = {1C09995B-4276-4A43-9E8A-43488C432331}
	EndGlobalSection
	GlobalSection(AutomaticVersions) = postSolution
		UpdateAssemblyVersion.Debug|Any CPU = True
		UpdateAssemblyFileVersion.Debug|Any CPU = True
		UpdateAssemblyInfoVersion.Debug|Any CPU = True
		ShouldCreateLogs.Debug|Any CPU = True
		AssemblyVersionSettings.Debug|Any CPU = None.None.None.None
		AssemblyFileVersionSettings.Debug|Any CPU = None.None.None.None
		AssemblyInfoVersionSettings.Debug|Any CPU = None.None.None.None
		UpdatePackageVersion.Debug|Any CPU = False
		AssemblyInfoVersionType.Debug|Any CPU = SettingsVersion
		InheritWinAppVersionFrom.Debug|Any CPU = None
	EndGlobalSection
EndGlobal
